{
  "name": "@saeon/jspm-webpack-plugin",
  "version": "0.0.0",
  "lockfileVersion": 1,
  "requires": true,
  "dependencies": {
    "@material/animation": {
      "version": "8.0.0-canary.a78ceb112.0",
      "resolved": "https://registry.npmjs.org/@material/animation/-/animation-8.0.0-canary.a78ceb112.0.tgz",
      "integrity": "sha512-avnYo5iXt64I5nJfNbiYebtZ8sYcgxbje1JpU0mr58VpgDpSRbQCDoJi+/LPDQiNDr/lU3vUM9MEQaECY8KVzw==",
      "requires": {
        "tslib": "^1.9.3"
      }
    },
    "@material/base": {
      "version": "8.0.0-canary.a78ceb112.0",
      "resolved": "https://registry.npmjs.org/@material/base/-/base-8.0.0-canary.a78ceb112.0.tgz",
      "integrity": "sha512-gSCgOkjtyrpxGm8BC7mx0dM6yyWda/jSvBcCejlydHQ76fwJ/uV8snBvCdyqgW+E2fDt8Y2o5HyeJSFHAb9q/w==",
      "requires": {
        "tslib": "^1.9.3"
      }
    },
    "@material/density": {
      "version": "8.0.0-canary.a78ceb112.0",
      "resolved": "https://registry.npmjs.org/@material/density/-/density-8.0.0-canary.a78ceb112.0.tgz",
      "integrity": "sha512-1fZUwRxnCvVbDA2cEtkbGjGSkvsjsUSFAfN4eWCqylUqbkQC0AWO5EDmrYH+sT3VpHAZ+Hr3cLcydydsT3o2wQ=="
    },
    "@material/dom": {
      "version": "8.0.0-canary.a78ceb112.0",
      "resolved": "https://registry.npmjs.org/@material/dom/-/dom-8.0.0-canary.a78ceb112.0.tgz",
      "integrity": "sha512-FmmLO+F/kyo/0rbkkp955JiN8ZCG9CI5g3VH4Ru02jtZdXnGSzo8Cdqjq2fzgP7MQ//eTTwMdeCZfp81UCwjQw==",
      "requires": {
        "@material/feature-targeting": "8.0.0-canary.a78ceb112.0",
        "tslib": "^1.9.3"
      }
    },
    "@material/elevation": {
      "version": "8.0.0-canary.a78ceb112.0",
      "resolved": "https://registry.npmjs.org/@material/elevation/-/elevation-8.0.0-canary.a78ceb112.0.tgz",
      "integrity": "sha512-eTBJ0NCDpfD9pc6AJjzkWGtXSHybKO9+RlxSyIGhax7xiMaIFlXqsk9SlLXwNlbwyU0EqIjPPJdKE9492EavDA==",
      "requires": {
        "@material/animation": "8.0.0-canary.a78ceb112.0",
        "@material/base": "8.0.0-canary.a78ceb112.0",
        "@material/feature-targeting": "8.0.0-canary.a78ceb112.0",
        "@material/theme": "8.0.0-canary.a78ceb112.0"
      }
    },
    "@material/feature-targeting": {
      "version": "8.0.0-canary.a78ceb112.0",
      "resolved": "https://registry.npmjs.org/@material/feature-targeting/-/feature-targeting-8.0.0-canary.a78ceb112.0.tgz",
      "integrity": "sha512-pYiHlUwKiAwBAULUDVxADD2eHb80cuzwQsQI9IpNr1mgdLcoKomWYxmHYzyD9AUIOlYsPrft+ozyC4gXt5kOtg=="
    },
    "@material/floating-label": {
      "version": "8.0.0-canary.a78ceb112.0",
      "resolved": "https://registry.npmjs.org/@material/floating-label/-/floating-label-8.0.0-canary.a78ceb112.0.tgz",
      "integrity": "sha512-wPRiU8ZK/LTgd/D7MkA/6Xz7/NItdaIAEskdFUuHwo+8UXc3TIXw44DtpJ35Y/0NaECANcrUul+s8De5CHVRxA==",
      "requires": {
        "@material/animation": "8.0.0-canary.a78ceb112.0",
        "@material/base": "8.0.0-canary.a78ceb112.0",
        "@material/dom": "8.0.0-canary.a78ceb112.0",
        "@material/feature-targeting": "8.0.0-canary.a78ceb112.0",
        "@material/rtl": "8.0.0-canary.a78ceb112.0",
        "@material/theme": "8.0.0-canary.a78ceb112.0",
        "@material/typography": "8.0.0-canary.a78ceb112.0",
        "tslib": "^1.9.3"
      }
    },
    "@material/line-ripple": {
      "version": "8.0.0-canary.a78ceb112.0",
      "resolved": "https://registry.npmjs.org/@material/line-ripple/-/line-ripple-8.0.0-canary.a78ceb112.0.tgz",
      "integrity": "sha512-sWFB4njnz+1bi1UVKKBRYtXUAzYTcgNeFVu19Duo9OPxzhB8KAwi4HW70vVLN1y7SSE2a2p/UrKMiW6AzYmoZg==",
      "requires": {
        "@material/animation": "8.0.0-canary.a78ceb112.0",
        "@material/base": "8.0.0-canary.a78ceb112.0",
        "@material/feature-targeting": "8.0.0-canary.a78ceb112.0",
        "@material/theme": "8.0.0-canary.a78ceb112.0",
        "tslib": "^1.9.3"
      }
    },
    "@material/list": {
      "version": "8.0.0-canary.a78ceb112.0",
      "resolved": "https://registry.npmjs.org/@material/list/-/list-8.0.0-canary.a78ceb112.0.tgz",
      "integrity": "sha512-B6ysRJm6HOTQdrAyYcRqZv807vbSrsOnxk3AE9Qscx6erdoJLm9lLX066YfFVk5iGbMzebhFi8lkEIVJBLKwSg==",
      "requires": {
        "@material/base": "8.0.0-canary.a78ceb112.0",
        "@material/density": "8.0.0-canary.a78ceb112.0",
        "@material/dom": "8.0.0-canary.a78ceb112.0",
        "@material/feature-targeting": "8.0.0-canary.a78ceb112.0",
        "@material/ripple": "8.0.0-canary.a78ceb112.0",
        "@material/rtl": "8.0.0-canary.a78ceb112.0",
        "@material/shape": "8.0.0-canary.a78ceb112.0",
        "@material/theme": "8.0.0-canary.a78ceb112.0",
        "@material/typography": "8.0.0-canary.a78ceb112.0",
        "tslib": "^1.9.3"
      }
    },
    "@material/menu": {
      "version": "8.0.0-canary.a78ceb112.0",
      "resolved": "https://registry.npmjs.org/@material/menu/-/menu-8.0.0-canary.a78ceb112.0.tgz",
      "integrity": "sha512-Z9D8MyNjtMeZ47jwlcnvbGCLLsLSGc4h+a2g/LWnlpbMSyAa91d0x2XlQANmfIzFah3nTcjoon08q/9g8up93Q==",
      "requires": {
        "@material/base": "8.0.0-canary.a78ceb112.0",
        "@material/dom": "8.0.0-canary.a78ceb112.0",
        "@material/elevation": "8.0.0-canary.a78ceb112.0",
        "@material/feature-targeting": "8.0.0-canary.a78ceb112.0",
        "@material/list": "8.0.0-canary.a78ceb112.0",
        "@material/menu-surface": "8.0.0-canary.a78ceb112.0",
        "@material/ripple": "8.0.0-canary.a78ceb112.0",
        "@material/rtl": "8.0.0-canary.a78ceb112.0",
        "@material/theme": "8.0.0-canary.a78ceb112.0",
        "tslib": "^1.9.3"
      }
    },
    "@material/menu-surface": {
      "version": "8.0.0-canary.a78ceb112.0",
      "resolved": "https://registry.npmjs.org/@material/menu-surface/-/menu-surface-8.0.0-canary.a78ceb112.0.tgz",
      "integrity": "sha512-PRzYXJz/VmLTmAMJMs6U+BRAAH1+Gn36vVAGtFptYFHk1XO/BTrHKqMmriXPsRE4Kqw8BBf6fTsIImvZcqxhYA==",
      "requires": {
        "@material/animation": "8.0.0-canary.a78ceb112.0",
        "@material/base": "8.0.0-canary.a78ceb112.0",
        "@material/elevation": "8.0.0-canary.a78ceb112.0",
        "@material/feature-targeting": "8.0.0-canary.a78ceb112.0",
        "@material/rtl": "8.0.0-canary.a78ceb112.0",
        "@material/shape": "8.0.0-canary.a78ceb112.0",
        "@material/theme": "8.0.0-canary.a78ceb112.0",
        "tslib": "^1.9.3"
      }
    },
    "@material/mwc-base": {
      "version": "0.17.2",
      "resolved": "https://registry.npmjs.org/@material/mwc-base/-/mwc-base-0.17.2.tgz",
      "integrity": "sha512-SJ4GLhikChTp7HwyAqccIk1usxwLporj5EWCNx+1h2ECWIY5BdIySFkmq9uqrVLEDTwW0wPB+0ZD+E3ScJdvZw==",
      "requires": {
        "@material/base": "=8.0.0-canary.a78ceb112.0",
        "@material/dom": "=8.0.0-canary.a78ceb112.0",
        "lit-element": "^2.3.0",
        "tslib": "^1.10.0"
      }
    },
    "@material/mwc-checkbox": {
      "version": "0.17.2",
      "resolved": "https://registry.npmjs.org/@material/mwc-checkbox/-/mwc-checkbox-0.17.2.tgz",
      "integrity": "sha512-y+9VJ2dvcQloShRv/wYJDUjp6H0rWGu7MbhqvxlKeDOcCBz9a/3eGZQj7MnWwz2vkRPfIBwVRsJRO5HxIwZvuQ==",
      "requires": {
        "@material/mwc-base": "^0.17.2",
        "@material/mwc-ripple": "^0.17.2",
        "lit-element": "^2.3.0",
        "lit-html": "^1.1.2",
        "tslib": "^1.10.0"
      }
    },
    "@material/mwc-floating-label": {
      "version": "0.17.2",
      "resolved": "https://registry.npmjs.org/@material/mwc-floating-label/-/mwc-floating-label-0.17.2.tgz",
      "integrity": "sha512-a0zm8YPVS9106H0TxfGlT55NvawIgGLcWS1Rxg76Z9QviwMa8PB2i7ZnGwxtcqHMyM3RrKA/KyQxFx3ojfbEuw==",
      "requires": {
        "@material/floating-label": "=8.0.0-canary.a78ceb112.0",
        "lit-html": "^1.1.2",
        "tslib": "^1.10.0"
      }
    },
    "@material/mwc-icon": {
      "version": "0.17.2",
      "resolved": "https://registry.npmjs.org/@material/mwc-icon/-/mwc-icon-0.17.2.tgz",
      "integrity": "sha512-9EpoLbn82RD5Wsxv0J7o1hTyn+WLfC1tdaTBvDmkRJZhfFheXYKUWNQXWrra0I/BpmojOGvijStOH0rga513WA==",
      "requires": {
        "lit-element": "^2.3.0",
        "tslib": "^1.10.0"
      }
    },
    "@material/mwc-line-ripple": {
      "version": "0.17.2",
      "resolved": "https://registry.npmjs.org/@material/mwc-line-ripple/-/mwc-line-ripple-0.17.2.tgz",
      "integrity": "sha512-cNjfkcim6Y8lL7PpAyZBqFD34+6vGmR3+VqFyDp9zQTjVdTWIajPq5jk9QLHqg5dSWIDbHO7Zw39O3sxl4plqQ==",
      "requires": {
        "@material/line-ripple": "=8.0.0-canary.a78ceb112.0",
        "lit-html": "^1.1.2",
        "tslib": "^1.10.0"
      }
    },
    "@material/mwc-list": {
      "version": "0.17.2",
      "resolved": "https://registry.npmjs.org/@material/mwc-list/-/mwc-list-0.17.2.tgz",
      "integrity": "sha512-fKGJkfWntNUQxfRSM/G7Zsaq0SD8JsFi730BS7q8X3OlFhuOGGeMP7sY5FtBVX0hjAO1/khp9KKgmvZunUoXkg==",
      "requires": {
        "@material/base": "=8.0.0-canary.a78ceb112.0",
        "@material/list": "=8.0.0-canary.a78ceb112.0",
        "@material/mwc-base": "^0.17.2",
        "@material/mwc-checkbox": "^0.17.2",
        "@material/mwc-radio": "^0.17.2",
        "@material/mwc-ripple": "^0.17.2",
        "lit-element": "^2.3.0",
        "lit-html": "^1.1.2",
        "tslib": "^1.10.0"
      }
    },
    "@material/mwc-menu": {
      "version": "0.17.2",
      "resolved": "https://registry.npmjs.org/@material/mwc-menu/-/mwc-menu-0.17.2.tgz",
      "integrity": "sha512-WrQalgdp2NYr/ws5rX9ify8trKiqNUy7tAXlHYAg5qKRb3HpHV6gsmNCScOZ4e95xXJvEOaUp67YDZsma3/rzQ==",
      "requires": {
        "@material/menu": "=8.0.0-canary.a78ceb112.0",
        "@material/menu-surface": "=8.0.0-canary.a78ceb112.0",
        "@material/mwc-base": "^0.17.2",
        "@material/mwc-list": "^0.17.2",
        "lit-element": "^2.3.0",
        "lit-html": "^1.1.2",
        "tslib": "^1.10.0"
      }
    },
    "@material/mwc-notched-outline": {
      "version": "0.17.2",
      "resolved": "https://registry.npmjs.org/@material/mwc-notched-outline/-/mwc-notched-outline-0.17.2.tgz",
      "integrity": "sha512-n7vwuZVtXVtTnwQ4hDP7bPuntCrBhpbKEIKscCtl4JaelyViijDLS5swU0mpkvDn20dVwjayf1tRRquZMV1wnA==",
      "requires": {
        "@material/mwc-base": "^0.17.2",
        "@material/notched-outline": "=8.0.0-canary.a78ceb112.0",
        "lit-element": "^2.3.0",
        "tslib": "^1.10.0"
      }
    },
    "@material/mwc-radio": {
      "version": "0.17.2",
      "resolved": "https://registry.npmjs.org/@material/mwc-radio/-/mwc-radio-0.17.2.tgz",
      "integrity": "sha512-+aPdJBUWTfT4pQg7s7g4wDvTvNE9gdBywJICtgaRM5z8NjYoWnF3aZGwb49yz+TAbf6d3ZYwRWPnXYx4sfh/gg==",
      "requires": {
        "@material/mwc-base": "^0.17.2",
        "@material/mwc-ripple": "^0.17.2",
        "@material/radio": "=8.0.0-canary.a78ceb112.0",
        "lit-element": "^2.3.0",
        "tslib": "^1.10.0"
      }
    },
    "@material/mwc-ripple": {
      "version": "0.17.2",
      "resolved": "https://registry.npmjs.org/@material/mwc-ripple/-/mwc-ripple-0.17.2.tgz",
      "integrity": "sha512-rdx/mR9vxPS6ZnM7oWP4E5FGRQ3pgo7n/hGUPcGMxFfXaxaHs1evoIQscp9a6HcXVrLPXemKD6msObwMDKetQA==",
      "requires": {
        "@material/dom": "=8.0.0-canary.a78ceb112.0",
        "@material/mwc-base": "^0.17.2",
        "@material/ripple": "=8.0.0-canary.a78ceb112.0",
        "lit-element": "^2.3.0",
        "lit-html": "^1.1.2",
        "tslib": "^1.10.0"
      }
    },
    "@material/mwc-select": {
      "version": "0.17.2",
      "resolved": "https://registry.npmjs.org/@material/mwc-select/-/mwc-select-0.17.2.tgz",
      "integrity": "sha512-PwUrjcbvJ6DMkBAucNj8cN0lrzWxlrbcT5tf6F6sbGubclZojdHXtShY4X0cHZF4yZakX5InZp/ACHjKsv7lCA==",
      "requires": {
        "@material/dom": "=8.0.0-canary.a78ceb112.0",
        "@material/floating-label": "=8.0.0-canary.a78ceb112.0",
        "@material/line-ripple": "=8.0.0-canary.a78ceb112.0",
        "@material/mwc-base": "^0.17.2",
        "@material/mwc-floating-label": "^0.17.2",
        "@material/mwc-icon": "^0.17.2",
        "@material/mwc-line-ripple": "^0.17.2",
        "@material/mwc-list": "^0.17.2",
        "@material/mwc-menu": "^0.17.2",
        "@material/mwc-notched-outline": "^0.17.2",
        "@material/select": "=8.0.0-canary.a78ceb112.0",
        "lit-element": "^2.3.0",
        "lit-html": "^1.1.2",
        "tslib": "^1.10.0"
      }
    },
    "@material/notched-outline": {
      "version": "8.0.0-canary.a78ceb112.0",
      "resolved": "https://registry.npmjs.org/@material/notched-outline/-/notched-outline-8.0.0-canary.a78ceb112.0.tgz",
      "integrity": "sha512-3z/ivz2Qi7bhxolE3yCYMxBeC+GFV4dtsXh4HBYd7ASI/8GPA4M8fFV/SdMMPHh0tvCkbLidGDOZI59G7rq3mw==",
      "requires": {
        "@material/base": "8.0.0-canary.a78ceb112.0",
        "@material/feature-targeting": "8.0.0-canary.a78ceb112.0",
        "@material/floating-label": "8.0.0-canary.a78ceb112.0",
        "@material/rtl": "8.0.0-canary.a78ceb112.0",
        "@material/shape": "8.0.0-canary.a78ceb112.0",
        "@material/theme": "8.0.0-canary.a78ceb112.0",
        "tslib": "^1.9.3"
      }
    },
    "@material/radio": {
      "version": "8.0.0-canary.a78ceb112.0",
      "resolved": "https://registry.npmjs.org/@material/radio/-/radio-8.0.0-canary.a78ceb112.0.tgz",
      "integrity": "sha512-wjJ4MP9In0mhh+vafraFeuVa/M8HImwpFPzIkgH7TcSS4yIPK3KnTK5RHyWWEUA+Lk3DK02B8VRCqNPjRUhUBQ==",
      "requires": {
        "@material/animation": "8.0.0-canary.a78ceb112.0",
        "@material/base": "8.0.0-canary.a78ceb112.0",
        "@material/density": "8.0.0-canary.a78ceb112.0",
        "@material/dom": "8.0.0-canary.a78ceb112.0",
        "@material/feature-targeting": "8.0.0-canary.a78ceb112.0",
        "@material/ripple": "8.0.0-canary.a78ceb112.0",
        "@material/theme": "8.0.0-canary.a78ceb112.0",
        "@material/touch-target": "8.0.0-canary.a78ceb112.0",
        "tslib": "^1.9.3"
      }
    },
    "@material/ripple": {
      "version": "8.0.0-canary.a78ceb112.0",
      "resolved": "https://registry.npmjs.org/@material/ripple/-/ripple-8.0.0-canary.a78ceb112.0.tgz",
      "integrity": "sha512-0vftc/VRNBGNkVeaumc+ztN6cPUDUXL0+X1HQSuNGn4tS0slqQH6yi9+juZhteOGY9Ca+1D3agsB7H9eNzdM8Q==",
      "requires": {
        "@material/animation": "8.0.0-canary.a78ceb112.0",
        "@material/base": "8.0.0-canary.a78ceb112.0",
        "@material/dom": "8.0.0-canary.a78ceb112.0",
        "@material/feature-targeting": "8.0.0-canary.a78ceb112.0",
        "@material/theme": "8.0.0-canary.a78ceb112.0",
        "tslib": "^1.9.3"
      }
    },
    "@material/rtl": {
      "version": "8.0.0-canary.a78ceb112.0",
      "resolved": "https://registry.npmjs.org/@material/rtl/-/rtl-8.0.0-canary.a78ceb112.0.tgz",
      "integrity": "sha512-+R/yFoO1Olt9hY0nvWRbTIQ7/PG9r7iv35J2Ld3Gx6CNZM2utql16bOG+5Ec81C6gBdvlgBcrCdQ8NdgYiablA==",
      "requires": {
        "@material/theme": "8.0.0-canary.a78ceb112.0"
      }
    },
    "@material/select": {
      "version": "8.0.0-canary.a78ceb112.0",
      "resolved": "https://registry.npmjs.org/@material/select/-/select-8.0.0-canary.a78ceb112.0.tgz",
      "integrity": "sha512-0vyFZuHegdixB8zWOlvl/V/c2cWi0bGHBMnv3Wm25WfI4ijLOdsbMerGSmuRaVARFRfwFFrs6Aq+mWwVM27sIQ==",
      "requires": {
        "@material/animation": "8.0.0-canary.a78ceb112.0",
        "@material/base": "8.0.0-canary.a78ceb112.0",
        "@material/density": "8.0.0-canary.a78ceb112.0",
        "@material/dom": "8.0.0-canary.a78ceb112.0",
        "@material/feature-targeting": "8.0.0-canary.a78ceb112.0",
        "@material/floating-label": "8.0.0-canary.a78ceb112.0",
        "@material/line-ripple": "8.0.0-canary.a78ceb112.0",
        "@material/list": "8.0.0-canary.a78ceb112.0",
        "@material/menu": "8.0.0-canary.a78ceb112.0",
        "@material/menu-surface": "8.0.0-canary.a78ceb112.0",
        "@material/notched-outline": "8.0.0-canary.a78ceb112.0",
        "@material/ripple": "8.0.0-canary.a78ceb112.0",
        "@material/rtl": "8.0.0-canary.a78ceb112.0",
        "@material/shape": "8.0.0-canary.a78ceb112.0",
        "@material/theme": "8.0.0-canary.a78ceb112.0",
        "@material/typography": "8.0.0-canary.a78ceb112.0",
        "tslib": "^1.9.3"
      }
    },
    "@material/shape": {
      "version": "8.0.0-canary.a78ceb112.0",
      "resolved": "https://registry.npmjs.org/@material/shape/-/shape-8.0.0-canary.a78ceb112.0.tgz",
      "integrity": "sha512-82fYRqdoBoFyS9+zuqqd9YJrsw8XykLA2xEf/ybtRGifwbLlk8ACrGN9dEwX6ixl7gt+JsXKBR9piF4XvxVjaw==",
      "requires": {
        "@material/feature-targeting": "8.0.0-canary.a78ceb112.0",
        "@material/rtl": "8.0.0-canary.a78ceb112.0",
        "@material/theme": "8.0.0-canary.a78ceb112.0"
      }
    },
    "@material/theme": {
      "version": "8.0.0-canary.a78ceb112.0",
      "resolved": "https://registry.npmjs.org/@material/theme/-/theme-8.0.0-canary.a78ceb112.0.tgz",
      "integrity": "sha512-/hBvqcXYDuCG0nWEJ8uYsM/XxrCE4EHcel7N6WYwZDRHlPfKQis3qPEJCJicdHckVFdOUvGr9KO2h5BWUNA90Q==",
      "requires": {
        "@material/feature-targeting": "8.0.0-canary.a78ceb112.0"
      }
    },
    "@material/touch-target": {
      "version": "8.0.0-canary.a78ceb112.0",
      "resolved": "https://registry.npmjs.org/@material/touch-target/-/touch-target-8.0.0-canary.a78ceb112.0.tgz",
      "integrity": "sha512-ZnwbC6Cd5Z5Fep1GGQozL5GQXbSSwNehdIbyOs5nDJCFikJIX5DYlYHVFvwhzB/rexhTzGQPaKLjUPUhYXGpoA==",
      "requires": {
        "@material/base": "8.0.0-canary.a78ceb112.0",
        "@material/feature-targeting": "8.0.0-canary.a78ceb112.0"
      }
    },
    "@material/typography": {
      "version": "8.0.0-canary.a78ceb112.0",
      "resolved": "https://registry.npmjs.org/@material/typography/-/typography-8.0.0-canary.a78ceb112.0.tgz",
      "integrity": "sha512-8OaNJzeVeYAxwWUjHR1QSxc6n68gL+xBQ2MYncStyyoHnaAL184OCGbPob2+11wuAmkE3XRnl7WdmVt2TtPu4Q==",
      "requires": {
        "@material/feature-targeting": "8.0.0-canary.a78ceb112.0",
        "@material/theme": "8.0.0-canary.a78ceb112.0"
      }
    },
    "lit-element": {
      "version": "2.3.1",
      "resolved": "https://registry.npmjs.org/lit-element/-/lit-element-2.3.1.tgz",
      "integrity": "sha512-tOcUAmeO3BzwiQ7FGWdsshNvC0HVHcTFYw/TLIImmKwXYoV0E7zCBASa8IJ7DiP4cen/Yoj454gS0qqTnIGsFA==",
      "requires": {
        "lit-html": "^1.1.1"
      }
    },
    "lit-html": {
      "version": "1.2.1",
      "resolved": "https://registry.npmjs.org/lit-html/-/lit-html-1.2.1.tgz",
      "integrity": "sha512-GSJHHXMGLZDzTRq59IUfL9FCdAlGfqNp/dEa7k7aBaaWD+JKaCjsAk9KYm2V12ItonVaYx2dprN66Zdm1AuBTQ=="
    },
    "tslib": {
      "version": "1.13.0",
      "resolved": "https://registry.npmjs.org/tslib/-/tslib-1.13.0.tgz",
      "integrity": "sha512-i/6DQjL8Xf3be4K/E6Wgpekn5Qasl1usyw++dAA35Ue5orEn65VIxOA+YvNNl9HV3qv70T7CNwjODHZrLwvd1Q=="
    }
  }
}
